<?xml version="1.0" encoding="utf-8"?>
<Project ToolsVersion="4.0" xmlns="http://schemas.microsoft.com/developer/msbuild/2003">
  <ItemGroup>
    <Filter Include="소스 파일">
      <UniqueIdentifier>{4FC737F1-C7A5-4376-A066-2A32D752A2FF}</UniqueIdentifier>
      <Extensions>cpp;c;cc;cxx;def;odl;idl;hpj;bat;asm;asmx</Extensions>
    </Filter>
    <Filter Include="헤더 파일">
      <UniqueIdentifier>{93995380-89BD-4b04-88EB-625FBE52EBFB}</UniqueIdentifier>
      <Extensions>h;hh;hpp;hxx;hm;inl;inc;ipp;xsd</Extensions>
    </Filter>
    <Filter Include="리소스 파일">
      <UniqueIdentifier>{67DA6AB6-F800-4c08-8B7A-83BB121AAD01}</UniqueIdentifier>
      <Extensions>rc;ico;cur;bmp;dlg;rc2;rct;bin;rgs;gif;jpg;jpeg;jpe;resx;tiff;tif;png;wav;mfcribbon-ms</Extensions>
    </Filter>
    <Filter Include="소스 파일\Object">
      <UniqueIdentifier>{46411bef-b465-440f-ba44-74140d36efd9}</UniqueIdentifier>
    </Filter>
    <Filter Include="소스 파일\Camera">
      <UniqueIdentifier>{8188d4b6-180d-461f-be74-a0333702cff1}</UniqueIdentifier>
    </Filter>
    <Filter Include="소스 파일\Stage">
      <UniqueIdentifier>{88f285bd-f059-43c7-992d-8d04f514178c}</UniqueIdentifier>
    </Filter>
    <Filter Include="소스 파일\Terrain">
      <UniqueIdentifier>{cc3553b7-d779-4732-bcab-05b474363e90}</UniqueIdentifier>
    </Filter>
    <Filter Include="소스 파일\Model">
      <UniqueIdentifier>{8f50d381-8e7b-4496-8e42-6a66acb233cc}</UniqueIdentifier>
    </Filter>
    <Filter Include="소스 파일\GL">
      <UniqueIdentifier>{4fee5a0e-02cf-4ff5-8334-006404e00770}</UniqueIdentifier>
    </Filter>
    <Filter Include="소스 파일\Unit">
      <UniqueIdentifier>{7e074298-b4c2-406d-bc25-31b0bf8c033b}</UniqueIdentifier>
    </Filter>
    <Filter Include="소스 파일\Building">
      <UniqueIdentifier>{da247ce2-91bd-44b8-a36d-ef32dcda5de8}</UniqueIdentifier>
    </Filter>
    <Filter Include="소스 파일\Common">
      <UniqueIdentifier>{61290f22-4ee1-44ac-a17d-884ad8e41549}</UniqueIdentifier>
    </Filter>
    <Filter Include="소스 파일\Shader">
      <UniqueIdentifier>{a100e340-db45-4486-bf0f-36cde38f294a}</UniqueIdentifier>
    </Filter>
    <Filter Include="소스 파일\Player">
      <UniqueIdentifier>{040fdfed-6721-453c-883b-57495a84fc47}</UniqueIdentifier>
    </Filter>
  </ItemGroup>
  <ItemGroup>
    <ClInclude Include="Font.h">
      <Filter>소스 파일</Filter>
    </ClInclude>
    <ClInclude Include="Mouse.h">
      <Filter>소스 파일</Filter>
    </ClInclude>
    <ClInclude Include="Precompiled.h">
      <Filter>소스 파일</Filter>
    </ClInclude>
    <ClInclude Include="Ray.h">
      <Filter>소스 파일</Filter>
    </ClInclude>
    <ClInclude Include="AxisObject.h">
      <Filter>소스 파일\Object</Filter>
    </ClInclude>
    <ClInclude Include="BoxObject.h">
      <Filter>소스 파일\Object</Filter>
    </ClInclude>
    <ClInclude Include="Camera.h">
      <Filter>소스 파일\Camera</Filter>
    </ClInclude>
    <ClInclude Include="GameStage.h">
      <Filter>소스 파일\Stage</Filter>
    </ClInclude>
    <ClInclude Include="WindowGroup.h">
      <Filter>소스 파일\Stage</Filter>
    </ClInclude>
    <ClInclude Include="HeightMap.h">
      <Filter>소스 파일\Terrain</Filter>
    </ClInclude>
    <ClInclude Include="Terrain.h">
      <Filter>소스 파일\Terrain</Filter>
    </ClInclude>
    <ClInclude Include="SkinnedMesh.h">
      <Filter>소스 파일\Model</Filter>
    </ClInclude>
    <ClInclude Include="Texture.h">
      <Filter>소스 파일\GL</Filter>
    </ClInclude>
    <ClInclude Include="Shader.h">
      <Filter>소스 파일\GL</Filter>
    </ClInclude>
    <ClInclude Include="Unit.h">
      <Filter>소스 파일\Unit</Filter>
    </ClInclude>
    <ClInclude Include="SkinnedVertexArray.h">
      <Filter>소스 파일\GL</Filter>
    </ClInclude>
    <ClInclude Include="VertexArray.h">
      <Filter>소스 파일\GL</Filter>
    </ClInclude>
    <ClInclude Include="VertexArrayAlpha.h">
      <Filter>소스 파일\GL</Filter>
    </ClInclude>
    <ClInclude Include="StaticMesh.h">
      <Filter>소스 파일\Model</Filter>
    </ClInclude>
    <ClInclude Include="SpriteUI.h">
      <Filter>소스 파일\Object</Filter>
    </ClInclude>
    <ClInclude Include="TextUI.h">
      <Filter>소스 파일\Object</Filter>
    </ClInclude>
    <ClInclude Include="Drone.h">
      <Filter>소스 파일\Unit</Filter>
    </ClInclude>
    <ClInclude Include="Knight.h">
      <Filter>소스 파일\Unit</Filter>
    </ClInclude>
    <ClInclude Include="Magician.h">
      <Filter>소스 파일\Unit</Filter>
    </ClInclude>
    <ClInclude Include="Building.h">
      <Filter>소스 파일\Building</Filter>
    </ClInclude>
    <ClInclude Include="Math3D.h">
      <Filter>소스 파일\Common</Filter>
    </ClInclude>
    <ClInclude Include="MapObject.h">
      <Filter>소스 파일\Object</Filter>
    </ClInclude>
    <ClInclude Include="RTSObject.h">
      <Filter>소스 파일\Object</Filter>
    </ClInclude>
    <ClInclude Include="BuildingMesh.h">
      <Filter>소스 파일\Model</Filter>
    </ClInclude>
    <ClInclude Include="FogOfWar.h">
      <Filter>소스 파일\Terrain</Filter>
    </ClInclude>
    <ClInclude Include="MiniMap.h">
      <Filter>소스 파일\Object</Filter>
    </ClInclude>
    <ClInclude Include="Player.h">
      <Filter>소스 파일\Player</Filter>
    </ClInclude>
    <ClInclude Include="GamePlayer.h">
      <Filter>소스 파일\Player</Filter>
    </ClInclude>
    <ClInclude Include="AiPlayer.h">
      <Filter>소스 파일\Player</Filter>
    </ClInclude>
    <ClInclude Include="NetPlayer.h">
      <Filter>소스 파일\Player</Filter>
    </ClInclude>
    <ClInclude Include="MoveController.h">
      <Filter>소스 파일\Unit</Filter>
    </ClInclude>
  </ItemGroup>
  <ItemGroup>
    <ClCompile Include="Font.cpp">
      <Filter>소스 파일</Filter>
    </ClCompile>
    <ClCompile Include="main.cpp">
      <Filter>소스 파일</Filter>
    </ClCompile>
    <ClCompile Include="Mouse.cpp">
      <Filter>소스 파일</Filter>
    </ClCompile>
    <ClCompile Include="Precompiled.cpp">
      <Filter>소스 파일</Filter>
    </ClCompile>
    <ClCompile Include="Ray.cpp">
      <Filter>소스 파일</Filter>
    </ClCompile>
    <ClCompile Include="AxisObject.cpp">
      <Filter>소스 파일\Object</Filter>
    </ClCompile>
    <ClCompile Include="BoxObject.cpp">
      <Filter>소스 파일\Object</Filter>
    </ClCompile>
    <ClCompile Include="Camera.cpp">
      <Filter>소스 파일\Camera</Filter>
    </ClCompile>
    <ClCompile Include="GameStage.cpp">
      <Filter>소스 파일\Stage</Filter>
    </ClCompile>
    <ClCompile Include="WindowGroup.cpp">
      <Filter>소스 파일\Stage</Filter>
    </ClCompile>
    <ClCompile Include="HeightMap.cpp">
      <Filter>소스 파일\Terrain</Filter>
    </ClCompile>
    <ClCompile Include="Terrain.cpp">
      <Filter>소스 파일\Terrain</Filter>
    </ClCompile>
    <ClCompile Include="SkinnedMesh.cpp">
      <Filter>소스 파일\Model</Filter>
    </ClCompile>
    <ClCompile Include="Texture.cpp">
      <Filter>소스 파일\GL</Filter>
    </ClCompile>
    <ClCompile Include="Shader.cpp">
      <Filter>소스 파일\GL</Filter>
    </ClCompile>
    <ClCompile Include="Unit.cpp">
      <Filter>소스 파일\Unit</Filter>
    </ClCompile>
    <ClCompile Include="SkinnedVertexArray.cpp">
      <Filter>소스 파일\GL</Filter>
    </ClCompile>
    <ClCompile Include="VertexArray.cpp">
      <Filter>소스 파일\GL</Filter>
    </ClCompile>
    <ClCompile Include="VertexArrayAlpha.cpp">
      <Filter>소스 파일\GL</Filter>
    </ClCompile>
    <ClCompile Include="StaticMesh.cpp">
      <Filter>소스 파일\Model</Filter>
    </ClCompile>
    <ClCompile Include="SpriteUI.cpp">
      <Filter>소스 파일\Object</Filter>
    </ClCompile>
    <ClCompile Include="TextUI.cpp">
      <Filter>소스 파일\Object</Filter>
    </ClCompile>
    <ClCompile Include="Drone.cpp">
      <Filter>소스 파일\Unit</Filter>
    </ClCompile>
    <ClCompile Include="Knight.cpp">
      <Filter>소스 파일\Unit</Filter>
    </ClCompile>
    <ClCompile Include="Magician.cpp">
      <Filter>소스 파일\Unit</Filter>
    </ClCompile>
    <ClCompile Include="Building.cpp">
      <Filter>소스 파일\Building</Filter>
    </ClCompile>
    <ClCompile Include="Math3D.cpp">
      <Filter>소스 파일\Common</Filter>
    </ClCompile>
    <ClCompile Include="MapObject.cpp">
      <Filter>소스 파일\Object</Filter>
    </ClCompile>
    <ClCompile Include="RTSObject.cpp">
      <Filter>소스 파일\Object</Filter>
    </ClCompile>
    <ClCompile Include="BuildingMesh.cpp">
      <Filter>소스 파일\Model</Filter>
    </ClCompile>
    <ClCompile Include="FogOfWar.cpp">
      <Filter>소스 파일\Terrain</Filter>
    </ClCompile>
    <ClCompile Include="MiniMap.cpp">
      <Filter>소스 파일\Object</Filter>
    </ClCompile>
    <ClCompile Include="Player.cpp">
      <Filter>소스 파일\Player</Filter>
    </ClCompile>
    <ClCompile Include="AiPlayer.cpp">
      <Filter>소스 파일\Player</Filter>
    </ClCompile>
    <ClCompile Include="GamePlayer.cpp">
      <Filter>소스 파일\Player</Filter>
    </ClCompile>
    <ClCompile Include="NetPlayer.cpp">
      <Filter>소스 파일\Player</Filter>
    </ClCompile>
    <ClCompile Include="MoveController.cpp">
      <Filter>소스 파일\Unit</Filter>
    </ClCompile>
  </ItemGroup>
  <ItemGroup>
    <None Include="color.frag">
      <Filter>소스 파일\Shader</Filter>
    </None>
    <None Include="height.frag">
      <Filter>소스 파일\Shader</Filter>
    </None>
    <None Include="mesh.frag">
      <Filter>소스 파일\Shader</Filter>
    </None>
    <None Include="skinned.frag">
      <Filter>소스 파일\Shader</Filter>
    </None>
    <None Include="Sprite.frag">
      <Filter>소스 파일\Shader</Filter>
    </None>
    <None Include="st.frag">
      <Filter>소스 파일\Shader</Filter>
    </None>
    <None Include="terrain.frag">
      <Filter>소스 파일\Shader</Filter>
    </None>
    <None Include="color.vert">
      <Filter>소스 파일\Shader</Filter>
    </None>
    <None Include="height.vert">
      <Filter>소스 파일\Shader</Filter>
    </None>
    <None Include="mesh.vert">
      <Filter>소스 파일\Shader</Filter>
    </None>
    <None Include="st.vert">
      <Filter>소스 파일\Shader</Filter>
    </None>
    <None Include="terrain.vert">
      <Filter>소스 파일\Shader</Filter>
    </None>
    <None Include="Sprite.vert">
      <Filter>소스 파일\Shader</Filter>
    </None>
    <None Include="skinned.vert">
      <Filter>소스 파일\Shader</Filter>
    </None>
    <None Include="line.vert">
      <Filter>소스 파일\Shader</Filter>
    </None>
    <None Include="line.frag">
      <Filter>소스 파일\Shader</Filter>
    </None>
    <None Include="building.frag">
      <Filter>소스 파일\Shader</Filter>
    </None>
    <None Include="building.vert">
      <Filter>소스 파일\Shader</Filter>
    </None>
    <None Include="sight.frag">
      <Filter>소스 파일\Shader</Filter>
    </None>
    <None Include="fog.frag">
      <Filter>소스 파일\Shader</Filter>
    </None>
    <None Include="visited.frag">
      <Filter>소스 파일\Shader</Filter>
    </None>
    <None Include="visited.vert">
      <Filter>소스 파일\Shader</Filter>
    </None>
    <None Include="visible.vert">
      <Filter>소스 파일\Shader</Filter>
    </None>
    <None Include="visible.frag">
      <Filter>소스 파일\Shader</Filter>
    </None>
    <None Include="minimap.frag">
      <Filter>소스 파일\Shader</Filter>
    </None>
    <None Include="minimap.vert">
      <Filter>소스 파일\Shader</Filter>
    </None>
  </ItemGroup>
</Project>