<?xml version="1.0" encoding="utf-8"?>
<Project ToolsVersion="4.0" xmlns="http://schemas.microsoft.com/developer/msbuild/2003">
  <ItemGroup>
    <Filter Include="소스 파일">
      <UniqueIdentifier>{4FC737F1-C7A5-4376-A066-2A32D752A2FF}</UniqueIdentifier>
      <Extensions>cpp;c;cc;cxx;def;odl;idl;hpj;bat;asm;asmx</Extensions>
    </Filter>
    <Filter Include="헤더 파일">
      <UniqueIdentifier>{93995380-89BD-4b04-88EB-625FBE52EBFB}</UniqueIdentifier>
      <Extensions>h;hh;hpp;hxx;hm;inl;inc;ipp;xsd</Extensions>
    </Filter>
    <Filter Include="리소스 파일">
      <UniqueIdentifier>{67DA6AB6-F800-4c08-8B7A-83BB121AAD01}</UniqueIdentifier>
      <Extensions>rc;ico;cur;bmp;dlg;rc2;rct;bin;rgs;gif;jpg;jpeg;jpe;resx;tiff;tif;png;wav;mfcribbon-ms</Extensions>
    </Filter>
    <Filter Include="소스 파일\Object">
      <UniqueIdentifier>{46411bef-b465-440f-ba44-74140d36efd9}</UniqueIdentifier>
    </Filter>
    <Filter Include="소스 파일\Camera">
      <UniqueIdentifier>{8188d4b6-180d-461f-be74-a0333702cff1}</UniqueIdentifier>
    </Filter>
    <Filter Include="소스 파일\Stage">
      <UniqueIdentifier>{88f285bd-f059-43c7-992d-8d04f514178c}</UniqueIdentifier>
    </Filter>
    <Filter Include="소스 파일\Terrain">
      <UniqueIdentifier>{cc3553b7-d779-4732-bcab-05b474363e90}</UniqueIdentifier>
    </Filter>
    <Filter Include="소스 파일\Model">
      <UniqueIdentifier>{8f50d381-8e7b-4496-8e42-6a66acb233cc}</UniqueIdentifier>
    </Filter>
    <Filter Include="소스 파일\GL">
      <UniqueIdentifier>{4fee5a0e-02cf-4ff5-8334-006404e00770}</UniqueIdentifier>
    </Filter>
    <Filter Include="소스 파일\Common">
      <UniqueIdentifier>{61290f22-4ee1-44ac-a17d-884ad8e41549}</UniqueIdentifier>
    </Filter>
    <Filter Include="소스 파일\Shader">
      <UniqueIdentifier>{a100e340-db45-4486-bf0f-36cde38f294a}</UniqueIdentifier>
    </Filter>
    <Filter Include="소스 파일\Player">
      <UniqueIdentifier>{040fdfed-6721-453c-883b-57495a84fc47}</UniqueIdentifier>
    </Filter>
    <Filter Include="소스 파일\AI">
      <UniqueIdentifier>{3c04a8cd-583b-4038-94fb-70e05562f50c}</UniqueIdentifier>
    </Filter>
    <Filter Include="소스 파일\UnitState">
      <UniqueIdentifier>{f07ca74b-404b-4dac-9827-11da1213e5dd}</UniqueIdentifier>
    </Filter>
    <Filter Include="소스 파일\ResourcePool">
      <UniqueIdentifier>{79e9f3a2-9d12-4656-bbe7-0783daa777bc}</UniqueIdentifier>
    </Filter>
    <Filter Include="소스 파일\ObjectPool">
      <UniqueIdentifier>{e99a47cd-db1c-4316-b2d1-4ded252642e6}</UniqueIdentifier>
    </Filter>
    <Filter Include="소스 파일\Manager">
      <UniqueIdentifier>{7d2921e8-27b9-4ea8-8266-0d15ba2ca1d7}</UniqueIdentifier>
    </Filter>
    <Filter Include="소스 파일\Component">
      <UniqueIdentifier>{7e074298-b4c2-406d-bc25-31b0bf8c033b}</UniqueIdentifier>
    </Filter>
  </ItemGroup>
  <ItemGroup>
    <ClInclude Include="Font.h">
      <Filter>소스 파일</Filter>
    </ClInclude>
    <ClInclude Include="Precompiled.h">
      <Filter>소스 파일</Filter>
    </ClInclude>
    <ClInclude Include="Ray.h">
      <Filter>소스 파일</Filter>
    </ClInclude>
    <ClInclude Include="AxisObject.h">
      <Filter>소스 파일\Object</Filter>
    </ClInclude>
    <ClInclude Include="BoxObject.h">
      <Filter>소스 파일\Object</Filter>
    </ClInclude>
    <ClInclude Include="Camera.h">
      <Filter>소스 파일\Camera</Filter>
    </ClInclude>
    <ClInclude Include="GameStage.h">
      <Filter>소스 파일\Stage</Filter>
    </ClInclude>
    <ClInclude Include="WindowGroup.h">
      <Filter>소스 파일\Stage</Filter>
    </ClInclude>
    <ClInclude Include="HeightMap.h">
      <Filter>소스 파일\Terrain</Filter>
    </ClInclude>
    <ClInclude Include="Terrain.h">
      <Filter>소스 파일\Terrain</Filter>
    </ClInclude>
    <ClInclude Include="SkinnedMesh.h">
      <Filter>소스 파일\Model</Filter>
    </ClInclude>
    <ClInclude Include="Texture.h">
      <Filter>소스 파일\GL</Filter>
    </ClInclude>
    <ClInclude Include="Shader.h">
      <Filter>소스 파일\GL</Filter>
    </ClInclude>
    <ClInclude Include="SkinnedVertexArray.h">
      <Filter>소스 파일\GL</Filter>
    </ClInclude>
    <ClInclude Include="VertexArray.h">
      <Filter>소스 파일\GL</Filter>
    </ClInclude>
    <ClInclude Include="VertexArrayAlpha.h">
      <Filter>소스 파일\GL</Filter>
    </ClInclude>
    <ClInclude Include="StaticMesh.h">
      <Filter>소스 파일\Model</Filter>
    </ClInclude>
    <ClInclude Include="SpriteUI.h">
      <Filter>소스 파일\Object</Filter>
    </ClInclude>
    <ClInclude Include="TextUI.h">
      <Filter>소스 파일\Object</Filter>
    </ClInclude>
    <ClInclude Include="Math3D.h">
      <Filter>소스 파일\Common</Filter>
    </ClInclude>
    <ClInclude Include="MapObject.h">
      <Filter>소스 파일\Object</Filter>
    </ClInclude>
    <ClInclude Include="RTSObject.h">
      <Filter>소스 파일\Object</Filter>
    </ClInclude>
    <ClInclude Include="BuildingMesh.h">
      <Filter>소스 파일\Model</Filter>
    </ClInclude>
    <ClInclude Include="FogOfWar.h">
      <Filter>소스 파일\Terrain</Filter>
    </ClInclude>
    <ClInclude Include="MiniMap.h">
      <Filter>소스 파일\Object</Filter>
    </ClInclude>
    <ClInclude Include="Player.h">
      <Filter>소스 파일\Player</Filter>
    </ClInclude>
    <ClInclude Include="GamePlayer.h">
      <Filter>소스 파일\Player</Filter>
    </ClInclude>
    <ClInclude Include="AiPlayer.h">
      <Filter>소스 파일\Player</Filter>
    </ClInclude>
    <ClInclude Include="NetPlayer.h">
      <Filter>소스 파일\Player</Filter>
    </ClInclude>
    <ClInclude Include="GroupAI.h">
      <Filter>소스 파일\AI</Filter>
    </ClInclude>
    <ClInclude Include="MasterAI.h">
      <Filter>소스 파일\AI</Filter>
    </ClInclude>
    <ClInclude Include="StrategyMap.h">
      <Filter>소스 파일\AI</Filter>
    </ClInclude>
    <ClInclude Include="Action.h">
      <Filter>소스 파일\AI</Filter>
    </ClInclude>
    <ClInclude Include="UnitState.h">
      <Filter>소스 파일\UnitState</Filter>
    </ClInclude>
    <ClInclude Include="UnitStateMove.h">
      <Filter>소스 파일\UnitState</Filter>
    </ClInclude>
    <ClInclude Include="UnitStateAttack.h">
      <Filter>소스 파일\UnitState</Filter>
    </ClInclude>
    <ClInclude Include="UnitStateBuild.h">
      <Filter>소스 파일\UnitState</Filter>
    </ClInclude>
    <ClInclude Include="UnitStateDie.h">
      <Filter>소스 파일\UnitState</Filter>
    </ClInclude>
    <ClInclude Include="UnitStateGotoObj.h">
      <Filter>소스 파일\UnitState</Filter>
    </ClInclude>
    <ClInclude Include="UnitStateNone.h">
      <Filter>소스 파일\UnitState</Filter>
    </ClInclude>
    <ClInclude Include="UnitStateSkill.h">
      <Filter>소스 파일\UnitState</Filter>
    </ClInclude>
    <ClInclude Include="Effect.h">
      <Filter>소스 파일\Object</Filter>
    </ClInclude>
    <ClInclude Include="EffectResourcePool.h">
      <Filter>소스 파일\ResourcePool</Filter>
    </ClInclude>
    <ClInclude Include="ObjectResourcePool.h">
      <Filter>소스 파일\ResourcePool</Filter>
    </ClInclude>
    <ClInclude Include="UIResourcePool.h">
      <Filter>소스 파일\ResourcePool</Filter>
    </ClInclude>
    <ClInclude Include="Singleton.h">
      <Filter>소스 파일\Common</Filter>
    </ClInclude>
    <ClInclude Include="RTSObjectInfo.h">
      <Filter>소스 파일\Component</Filter>
    </ClInclude>
    <ClInclude Include="ObjectPool.h">
      <Filter>소스 파일\ObjectPool</Filter>
    </ClInclude>
    <ClInclude Include="MoveComponent.h">
      <Filter>소스 파일\Component</Filter>
    </ClInclude>
    <ClInclude Include="RenderComponent.h">
      <Filter>소스 파일\Component</Filter>
    </ClInclude>
    <ClInclude Include="RenderManager.h">
      <Filter>소스 파일\Manager</Filter>
    </ClInclude>
    <ClInclude Include="SoundManager.h">
      <Filter>소스 파일\Manager</Filter>
    </ClInclude>
    <ClInclude Include="Unit.h">
      <Filter>소스 파일\Object</Filter>
    </ClInclude>
    <ClInclude Include="Building.h">
      <Filter>소스 파일\Object</Filter>
    </ClInclude>
    <ClInclude Include="RenderObject.h">
      <Filter>소스 파일\Object</Filter>
    </ClInclude>
    <ClInclude Include="GBuffer.h">
      <Filter>헤더 파일</Filter>
    </ClInclude>
    <ClInclude Include="Mouse.h">
      <Filter>소스 파일\Object</Filter>
    </ClInclude>
    <ClInclude Include="SSAO.h">
      <Filter>헤더 파일</Filter>
    </ClInclude>
  </ItemGroup>
  <ItemGroup>
    <ClCompile Include="Font.cpp">
      <Filter>소스 파일</Filter>
    </ClCompile>
    <ClCompile Include="main.cpp">
      <Filter>소스 파일</Filter>
    </ClCompile>
    <ClCompile Include="Precompiled.cpp">
      <Filter>소스 파일</Filter>
    </ClCompile>
    <ClCompile Include="Ray.cpp">
      <Filter>소스 파일</Filter>
    </ClCompile>
    <ClCompile Include="AxisObject.cpp">
      <Filter>소스 파일\Object</Filter>
    </ClCompile>
    <ClCompile Include="BoxObject.cpp">
      <Filter>소스 파일\Object</Filter>
    </ClCompile>
    <ClCompile Include="Camera.cpp">
      <Filter>소스 파일\Camera</Filter>
    </ClCompile>
    <ClCompile Include="GameStage.cpp">
      <Filter>소스 파일\Stage</Filter>
    </ClCompile>
    <ClCompile Include="WindowGroup.cpp">
      <Filter>소스 파일\Stage</Filter>
    </ClCompile>
    <ClCompile Include="HeightMap.cpp">
      <Filter>소스 파일\Terrain</Filter>
    </ClCompile>
    <ClCompile Include="Terrain.cpp">
      <Filter>소스 파일\Terrain</Filter>
    </ClCompile>
    <ClCompile Include="SkinnedMesh.cpp">
      <Filter>소스 파일\Model</Filter>
    </ClCompile>
    <ClCompile Include="Texture.cpp">
      <Filter>소스 파일\GL</Filter>
    </ClCompile>
    <ClCompile Include="Shader.cpp">
      <Filter>소스 파일\GL</Filter>
    </ClCompile>
    <ClCompile Include="SkinnedVertexArray.cpp">
      <Filter>소스 파일\GL</Filter>
    </ClCompile>
    <ClCompile Include="VertexArray.cpp">
      <Filter>소스 파일\GL</Filter>
    </ClCompile>
    <ClCompile Include="VertexArrayAlpha.cpp">
      <Filter>소스 파일\GL</Filter>
    </ClCompile>
    <ClCompile Include="StaticMesh.cpp">
      <Filter>소스 파일\Model</Filter>
    </ClCompile>
    <ClCompile Include="SpriteUI.cpp">
      <Filter>소스 파일\Object</Filter>
    </ClCompile>
    <ClCompile Include="TextUI.cpp">
      <Filter>소스 파일\Object</Filter>
    </ClCompile>
    <ClCompile Include="Math3D.cpp">
      <Filter>소스 파일\Common</Filter>
    </ClCompile>
    <ClCompile Include="MapObject.cpp">
      <Filter>소스 파일\Object</Filter>
    </ClCompile>
    <ClCompile Include="RTSObject.cpp">
      <Filter>소스 파일\Object</Filter>
    </ClCompile>
    <ClCompile Include="BuildingMesh.cpp">
      <Filter>소스 파일\Model</Filter>
    </ClCompile>
    <ClCompile Include="FogOfWar.cpp">
      <Filter>소스 파일\Terrain</Filter>
    </ClCompile>
    <ClCompile Include="MiniMap.cpp">
      <Filter>소스 파일\Object</Filter>
    </ClCompile>
    <ClCompile Include="Player.cpp">
      <Filter>소스 파일\Player</Filter>
    </ClCompile>
    <ClCompile Include="AiPlayer.cpp">
      <Filter>소스 파일\Player</Filter>
    </ClCompile>
    <ClCompile Include="GamePlayer.cpp">
      <Filter>소스 파일\Player</Filter>
    </ClCompile>
    <ClCompile Include="NetPlayer.cpp">
      <Filter>소스 파일\Player</Filter>
    </ClCompile>
    <ClCompile Include="GroupAI.cpp">
      <Filter>소스 파일\AI</Filter>
    </ClCompile>
    <ClCompile Include="MasterAI.cpp">
      <Filter>소스 파일\AI</Filter>
    </ClCompile>
    <ClCompile Include="StrategyMap.cpp">
      <Filter>소스 파일\AI</Filter>
    </ClCompile>
    <ClCompile Include="Action.cpp">
      <Filter>소스 파일\AI</Filter>
    </ClCompile>
    <ClCompile Include="UnitState.cpp">
      <Filter>소스 파일\UnitState</Filter>
    </ClCompile>
    <ClCompile Include="UnitStateMove.cpp">
      <Filter>소스 파일\UnitState</Filter>
    </ClCompile>
    <ClCompile Include="UnitStateSkill.cpp">
      <Filter>소스 파일\UnitState</Filter>
    </ClCompile>
    <ClCompile Include="UnitStateNone.cpp">
      <Filter>소스 파일\UnitState</Filter>
    </ClCompile>
    <ClCompile Include="UnitStateGotoObj.cpp">
      <Filter>소스 파일\UnitState</Filter>
    </ClCompile>
    <ClCompile Include="UnitStateDie.cpp">
      <Filter>소스 파일\UnitState</Filter>
    </ClCompile>
    <ClCompile Include="UnitStateBuild.cpp">
      <Filter>소스 파일\UnitState</Filter>
    </ClCompile>
    <ClCompile Include="UnitStateAttack.cpp">
      <Filter>소스 파일\UnitState</Filter>
    </ClCompile>
    <ClCompile Include="Effect.cpp">
      <Filter>소스 파일\Object</Filter>
    </ClCompile>
    <ClCompile Include="EffectResourcePool.cpp">
      <Filter>소스 파일\ResourcePool</Filter>
    </ClCompile>
    <ClCompile Include="ObjectResourcePool.cpp">
      <Filter>소스 파일\ResourcePool</Filter>
    </ClCompile>
    <ClCompile Include="UIResourcePool.cpp">
      <Filter>소스 파일\ResourcePool</Filter>
    </ClCompile>
    <ClCompile Include="Singleton.cpp">
      <Filter>소스 파일\Common</Filter>
    </ClCompile>
    <ClCompile Include="RTSObjectInfo.cpp">
      <Filter>소스 파일\Component</Filter>
    </ClCompile>
    <ClCompile Include="ObjectPool.cpp">
      <Filter>소스 파일\ObjectPool</Filter>
    </ClCompile>
    <ClCompile Include="MoveComponent.cpp">
      <Filter>소스 파일\Component</Filter>
    </ClCompile>
    <ClCompile Include="RenderComponent.cpp">
      <Filter>소스 파일\Component</Filter>
    </ClCompile>
    <ClCompile Include="RenderManager.cpp">
      <Filter>소스 파일\Manager</Filter>
    </ClCompile>
    <ClCompile Include="SoundManager.cpp">
      <Filter>소스 파일\Manager</Filter>
    </ClCompile>
    <ClCompile Include="Unit.cpp">
      <Filter>소스 파일\Object</Filter>
    </ClCompile>
    <ClCompile Include="Building.cpp">
      <Filter>소스 파일\Object</Filter>
    </ClCompile>
    <ClCompile Include="RenderObject.cpp">
      <Filter>소스 파일\Object</Filter>
    </ClCompile>
    <ClCompile Include="GBuffer.cpp">
      <Filter>소스 파일</Filter>
    </ClCompile>
    <ClCompile Include="Mouse.cpp">
      <Filter>소스 파일\Object</Filter>
    </ClCompile>
    <ClCompile Include="SSAO.cpp">
      <Filter>소스 파일</Filter>
    </ClCompile>
  </ItemGroup>
  <ItemGroup>
    <None Include="color.frag">
      <Filter>소스 파일\Shader</Filter>
    </None>
    <None Include="height.frag">
      <Filter>소스 파일\Shader</Filter>
    </None>
    <None Include="mesh.frag">
      <Filter>소스 파일\Shader</Filter>
    </None>
    <None Include="skinned.frag">
      <Filter>소스 파일\Shader</Filter>
    </None>
    <None Include="Sprite.frag">
      <Filter>소스 파일\Shader</Filter>
    </None>
    <None Include="st.frag">
      <Filter>소스 파일\Shader</Filter>
    </None>
    <None Include="terrain.frag">
      <Filter>소스 파일\Shader</Filter>
    </None>
    <None Include="color.vert">
      <Filter>소스 파일\Shader</Filter>
    </None>
    <None Include="height.vert">
      <Filter>소스 파일\Shader</Filter>
    </None>
    <None Include="mesh.vert">
      <Filter>소스 파일\Shader</Filter>
    </None>
    <None Include="st.vert">
      <Filter>소스 파일\Shader</Filter>
    </None>
    <None Include="terrain.vert">
      <Filter>소스 파일\Shader</Filter>
    </None>
    <None Include="Sprite.vert">
      <Filter>소스 파일\Shader</Filter>
    </None>
    <None Include="skinned.vert">
      <Filter>소스 파일\Shader</Filter>
    </None>
    <None Include="line.vert">
      <Filter>소스 파일\Shader</Filter>
    </None>
    <None Include="line.frag">
      <Filter>소스 파일\Shader</Filter>
    </None>
    <None Include="building.frag">
      <Filter>소스 파일\Shader</Filter>
    </None>
    <None Include="building.vert">
      <Filter>소스 파일\Shader</Filter>
    </None>
    <None Include="sight.frag">
      <Filter>소스 파일\Shader</Filter>
    </None>
    <None Include="fog.frag">
      <Filter>소스 파일\Shader</Filter>
    </None>
    <None Include="visited.frag">
      <Filter>소스 파일\Shader</Filter>
    </None>
    <None Include="visited.vert">
      <Filter>소스 파일\Shader</Filter>
    </None>
    <None Include="visible.vert">
      <Filter>소스 파일\Shader</Filter>
    </None>
    <None Include="visible.frag">
      <Filter>소스 파일\Shader</Filter>
    </None>
    <None Include="minimap.frag">
      <Filter>소스 파일\Shader</Filter>
    </None>
    <None Include="minimap.vert">
      <Filter>소스 파일\Shader</Filter>
    </None>
    <None Include="GBufferWrite.frag">
      <Filter>소스 파일\Shader</Filter>
    </None>
    <None Include="GBufferGlobalLight.frag">
      <Filter>소스 파일\Shader</Filter>
    </None>
    <None Include="GBufferPointLight.frag">
      <Filter>소스 파일\Shader</Filter>
    </None>
    <None Include="ssao.frag">
      <Filter>소스 파일\Shader</Filter>
    </None>
    <None Include="ssao_blur.frag">
      <Filter>소스 파일\Shader</Filter>
    </None>
  </ItemGroup>
</Project>