<?xml version="1.0" encoding="utf-8"?>
<Project ToolsVersion="4.0" xmlns="http://schemas.microsoft.com/developer/msbuild/2003">
  <ItemGroup>
    <Filter Include="소스 파일">
      <UniqueIdentifier>{4FC737F1-C7A5-4376-A066-2A32D752A2FF}</UniqueIdentifier>
      <Extensions>cpp;c;cc;cxx;def;odl;idl;hpj;bat;asm;asmx</Extensions>
    </Filter>
    <Filter Include="헤더 파일">
      <UniqueIdentifier>{93995380-89BD-4b04-88EB-625FBE52EBFB}</UniqueIdentifier>
      <Extensions>h;hh;hpp;hxx;hm;inl;inc;ipp;xsd</Extensions>
    </Filter>
    <Filter Include="리소스 파일">
      <UniqueIdentifier>{67DA6AB6-F800-4c08-8B7A-83BB121AAD01}</UniqueIdentifier>
      <Extensions>rc;ico;cur;bmp;dlg;rc2;rct;bin;rgs;gif;jpg;jpeg;jpe;resx;tiff;tif;png;wav;mfcribbon-ms</Extensions>
    </Filter>
    <Filter Include="소스 파일\Shader">
      <UniqueIdentifier>{a100e340-db45-4486-bf0f-36cde38f294a}</UniqueIdentifier>
    </Filter>
  </ItemGroup>
  <ItemGroup>
    <ClInclude Include="AxisObject.h">
      <Filter>소스 파일</Filter>
    </ClInclude>
    <ClInclude Include="BoxObject.h">
      <Filter>소스 파일</Filter>
    </ClInclude>
    <ClInclude Include="Camera.h">
      <Filter>소스 파일</Filter>
    </ClInclude>
    <ClInclude Include="Font.h">
      <Filter>소스 파일</Filter>
    </ClInclude>
    <ClInclude Include="HeightMap.h">
      <Filter>소스 파일</Filter>
    </ClInclude>
    <ClInclude Include="Model.h">
      <Filter>소스 파일</Filter>
    </ClInclude>
    <ClInclude Include="Mouse.h">
      <Filter>소스 파일</Filter>
    </ClInclude>
    <ClInclude Include="Precompiled.h">
      <Filter>소스 파일</Filter>
    </ClInclude>
    <ClInclude Include="Ray.h">
      <Filter>소스 파일</Filter>
    </ClInclude>
    <ClInclude Include="Shader.h">
      <Filter>소스 파일</Filter>
    </ClInclude>
    <ClInclude Include="SkinnedMesh.h">
      <Filter>소스 파일</Filter>
    </ClInclude>
    <ClInclude Include="SkinnedVertexArray.h">
      <Filter>소스 파일</Filter>
    </ClInclude>
    <ClInclude Include="Terrain.h">
      <Filter>소스 파일</Filter>
    </ClInclude>
    <ClInclude Include="Texture.h">
      <Filter>소스 파일</Filter>
    </ClInclude>
    <ClInclude Include="Unit.h">
      <Filter>소스 파일</Filter>
    </ClInclude>
    <ClInclude Include="VertexArray.h">
      <Filter>소스 파일</Filter>
    </ClInclude>
    <ClInclude Include="VertexArrayAlpha.h">
      <Filter>소스 파일</Filter>
    </ClInclude>
    <ClInclude Include="WindowGroup.h">
      <Filter>소스 파일</Filter>
    </ClInclude>
  </ItemGroup>
  <ItemGroup>
    <ClCompile Include="AxisObject.cpp">
      <Filter>소스 파일</Filter>
    </ClCompile>
    <ClCompile Include="BoxObject.cpp">
      <Filter>소스 파일</Filter>
    </ClCompile>
    <ClCompile Include="Camera.cpp">
      <Filter>소스 파일</Filter>
    </ClCompile>
    <ClCompile Include="Font.cpp">
      <Filter>소스 파일</Filter>
    </ClCompile>
    <ClCompile Include="HeightMap.cpp">
      <Filter>소스 파일</Filter>
    </ClCompile>
    <ClCompile Include="main.cpp">
      <Filter>소스 파일</Filter>
    </ClCompile>
    <ClCompile Include="Model.cpp">
      <Filter>소스 파일</Filter>
    </ClCompile>
    <ClCompile Include="Mouse.cpp">
      <Filter>소스 파일</Filter>
    </ClCompile>
    <ClCompile Include="Precompiled.cpp">
      <Filter>소스 파일</Filter>
    </ClCompile>
    <ClCompile Include="Ray.cpp">
      <Filter>소스 파일</Filter>
    </ClCompile>
    <ClCompile Include="Shader.cpp">
      <Filter>소스 파일</Filter>
    </ClCompile>
    <ClCompile Include="SkinnedMesh.cpp">
      <Filter>소스 파일</Filter>
    </ClCompile>
    <ClCompile Include="SkinnedVertexArray.cpp">
      <Filter>소스 파일</Filter>
    </ClCompile>
    <ClCompile Include="Terrain.cpp">
      <Filter>소스 파일</Filter>
    </ClCompile>
    <ClCompile Include="Texture.cpp">
      <Filter>소스 파일</Filter>
    </ClCompile>
    <ClCompile Include="Unit.cpp">
      <Filter>소스 파일</Filter>
    </ClCompile>
    <ClCompile Include="VertexArray.cpp">
      <Filter>소스 파일</Filter>
    </ClCompile>
    <ClCompile Include="VertexArrayAlpha.cpp">
      <Filter>소스 파일</Filter>
    </ClCompile>
    <ClCompile Include="WindowGroup.cpp">
      <Filter>소스 파일</Filter>
    </ClCompile>
  </ItemGroup>
  <ItemGroup>
    <None Include="color.frag">
      <Filter>소스 파일\Shader</Filter>
    </None>
    <None Include="height.frag">
      <Filter>소스 파일\Shader</Filter>
    </None>
    <None Include="mesh.frag">
      <Filter>소스 파일\Shader</Filter>
    </None>
    <None Include="skinned.frag">
      <Filter>소스 파일\Shader</Filter>
    </None>
    <None Include="Sprite.frag">
      <Filter>소스 파일\Shader</Filter>
    </None>
    <None Include="st.frag">
      <Filter>소스 파일\Shader</Filter>
    </None>
    <None Include="terrain.frag">
      <Filter>소스 파일\Shader</Filter>
    </None>
    <None Include="Image.glsl">
      <Filter>소스 파일\Shader</Filter>
    </None>
    <None Include="vertex.glsl">
      <Filter>소스 파일\Shader</Filter>
    </None>
    <None Include="color.vert">
      <Filter>소스 파일\Shader</Filter>
    </None>
    <None Include="height.vert">
      <Filter>소스 파일\Shader</Filter>
    </None>
    <None Include="mesh.vert">
      <Filter>소스 파일\Shader</Filter>
    </None>
    <None Include="st.vert">
      <Filter>소스 파일\Shader</Filter>
    </None>
    <None Include="terrain.vert">
      <Filter>소스 파일\Shader</Filter>
    </None>
    <None Include="Sprite.vert">
      <Filter>소스 파일\Shader</Filter>
    </None>
    <None Include="skinned.vert">
      <Filter>소스 파일\Shader</Filter>
    </None>
  </ItemGroup>
</Project>